// !$*UTF8*$!
{
	archiveVersion = 1;
	classes = {
	};
	objectVersion = 46;
	objects = {

/* Begin PBXBuildFile section */
		FCB7DBB01D19BB6900DE6293 /* AppDelegate.swift in Sources */ = {isa = PBXBuildFile; fileRef = FCB7DBAF1D19BB6900DE6293 /* AppDelegate.swift */; };
		FCB7DBB21D19BB6900DE6293 /* Simulation.swift in Sources */ = {isa = PBXBuildFile; fileRef = FCB7DBB11D19BB6900DE6293 /* Simulation.swift */; };
		FCB7DBB41D19BB6900DE6293 /* InstrumentationViewControllers.swift in Sources */ = {isa = PBXBuildFile; fileRef = FCB7DBB31D19BB6900DE6293 /* InstrumentationViewControllers.swift */; };
		FCB7DBB71D19BB6900DE6293 /* Main.storyboard in Resources */ = {isa = PBXBuildFile; fileRef = FCB7DBB51D19BB6900DE6293 /* Main.storyboard */; };
		FCB7DBB91D19BB6900DE6293 /* Assets.xcassets in Resources */ = {isa = PBXBuildFile; fileRef = FCB7DBB81D19BB6900DE6293 /* Assets.xcassets */; };
		FCB7DBBC1D19BB6900DE6293 /* LaunchScreen.storyboard in Resources */ = {isa = PBXBuildFile; fileRef = FCB7DBBA1D19BB6900DE6293 /* LaunchScreen.storyboard */; };
/* End PBXBuildFile section */

/* Begin PBXFileReference section */
		FCB7DBAC1D19BB6900DE6293 /* Assignment1.app */ = {isa = PBXFileReference; explicitFileType = wrapper.application; includeInIndex = 0; path = Assignment1.app; sourceTree = BUILT_PRODUCTS_DIR; };
		FCB7DBAF1D19BB6900DE6293 /* AppDelegate.swift */ = {isa = PBXFileReference; lastKnownFileType = sourcecode.swift; path = AppDelegate.swift; sourceTree = "<group>"; };
		FCB7DBB11D19BB6900DE6293 /* Simulation.swift */ = {isa = PBXFileReference; lastKnownFileType = sourcecode.swift; path = Simulation.swift; sourceTree = "<group>"; };
		FCB7DBB31D19BB6900DE6293 /* InstrumentationViewControllers.swift */ = {isa = PBXFileReference; lastKnownFileType = sourcecode.swift; path = InstrumentationViewControllers.swift; sourceTree = "<group>"; };
		FCB7DBB61D19BB6900DE6293 /* Base */ = {isa = PBXFileReference; lastKnownFileType = file.storyboard; name = Base; path = Base.lproj/Main.storyboard; sourceTree = "<group>"; };
		FCB7DBB81D19BB6900DE6293 /* Assets.xcassets */ = {isa = PBXFileReference; lastKnownFileType = folder.assetcatalog; path = Assets.xcassets; sourceTree = "<group>"; };
		FCB7DBBB1D19BB6900DE6293 /* Base */ = {isa = PBXFileReference; lastKnownFileType = file.storyboard; name = Base; path = Base.lproj/LaunchScreen.storyboard; sourceTree = "<group>"; };
		FCB7DBBD1D19BB6900DE6293 /* Info.plist */ = {isa = PBXFileReference; lastKnownFileType = text.plist.xml; path = Info.plist; sourceTree = "<group>"; };
/* End PBXFileReference section */

/* Begin PBXFrameworksBuildPhase section */
		FCB7DBA91D19BB6900DE6293 /* Frameworks */ = {
			isa = PBXFrameworksBuildPhase;
			buildActionMask = 2147483647;
			files = (
			);
			runOnlyForDeploymentPostprocessing = 0;
		};
/* End PBXFrameworksBuildPhase section */

/* Begin PBXGroup section */
		FCB7DBA31D19BB6900DE6293 = {
			isa = PBXGroup;
			children = (
				FCB7DBAE1D19BB6900DE6293 /* Assignment1 */,
				FCB7DBAD1D19BB6900DE6293 /* Products */,
			);
			sourceTree = "<group>";
		};
		FCB7DBAD1D19BB6900DE6293 /* Products */ = {
			isa = PBXGroup;
			children = (
				FCB7DBAC1D19BB6900DE6293 /* Assignment1.app */,
			);
			name = Products;
			sourceTree = "<group>";
		};
		FCB7DBAE1D19BB6900DE6293 /* Assignment1 */ = {
			isa = PBXGroup;
			children = (
				FCB7DBAF1D19BB6900DE6293 /* AppDelegate.swift */,
				FCB7DBB11D19BB6900DE6293 /* Simulation.swift */,
				FCB7DBB31D19BB6900DE6293 /* InstrumentationViewControllers.swift */,
				FCB7DBB51D19BB6900DE6293 /* Main.storyboard */,
				FCB7DBB81D19BB6900DE6293 /* Assets.xcassets */,
				FCB7DBBA1D19BB6900DE6293 /* LaunchScreen.storyboard */,
				FCB7DBBD1D19BB6900DE6293 /* Info.plist */,
			);
			path = Assignment1;
			sourceTree = "<group>";
		};
/* End PBXGroup section */

/* Begin PBXNativeTarget section */
		FCB7DBAB1D19BB6900DE6293 /* Assignment1 */ = {
			isa = PBXNativeTarget;
			buildConfigurationList = FCB7DBC01D19BB6900DE6293 /* Build configuration list for PBXNativeTarget "Assignment1" */;
			buildPhases = (
				FCB7DBA81D19BB6900DE6293 /* Sources */,
				FCB7DBA91D19BB6900DE6293 /* Frameworks */,
				FCB7DBAA1D19BB6900DE6293 /* Resources */,
			);
			buildRules = (
			);
			dependencies = (
			);
			name = Assignment1;
			productName = Assignment1;
			productReference = FCB7DBAC1D19BB6900DE6293 /* Assignment1.app */;
			productType = "com.apple.product-type.application";
		};
/* End PBXNativeTarget section */

/* Begin PBXProject section */
		FCB7DBA41D19BB6900DE6293 /* Project object */ = {
			isa = PBXProject;
			attributes = {
				LastSwiftUpdateCheck = 0730;
				LastUpgradeCheck = 0730;
				ORGANIZATIONNAME = "Stephen Chang";
				TargetAttributes = {
					FCB7DBAB1D19BB6900DE6293 = {
						CreatedOnToolsVersion = 7.3.1;
					};
				};
			};
			buildConfigurationList = FCB7DBA71D19BB6900DE6293 /* Build configuration list for PBXProject "Assignment1" */;
			compatibilityVersion = "Xcode 3.2";
			developmentRegion = English;
			hasScannedForEncodings = 0;
			knownRegions = (
				en,
				Base,
			);
			mainGroup = FCB7DBA31D19BB6900DE6293;
			productRefGroup = FCB7DBAD1D19BB6900DE6293 /* Products */;
			projectDirPath = "";
			projectRoot = "";
			targets = (
				FCB7DBAB1D19BB6900DE6293 /* Assignment1 */,
			);
		};
/* End PBXProject section */

/* Begin PBXResourcesBuildPhase section */
		FCB7DBAA1D19BB6900DE6293 /* Resources */ = {
			isa = PBXResourcesBuildPhase;
			buildActionMask = 2147483647;
			files = (
				FCB7DBBC1D19BB6900DE6293 /* LaunchScreen.storyboard in Resources */,
				FCB7DBB91D19BB6900DE6293 /* Assets.xcassets in Resources */,
				FCB7DBB71D19BB6900DE6293 /* Main.storyboard in Resources */,
			);
			runOnlyForDeploymentPostprocessing = 0;
		};
/* End PBXResourcesBuildPhase section */

/* Begin PBXSourcesBuildPhase section */
		FCB7DBA81D19BB6900DE6293 /* Sources */ = {
			isa = PBXSourcesBuildPhase;
			buildActionMask = 2147483647;
			files = (
				FCB7DBB41D19BB6900DE6293 /* InstrumentationViewControllers.swift in Sources */,
				FCB7DBB01D19BB6900DE6293 /* AppDelegate.swift in Sources */,
				FCB7DBB21D19BB6900DE6293 /* Simulation.swift in Sources */,
			);
			runOnlyForDeploymentPostprocessing = 0;
		};
/* End PBXSourcesBuildPhase section */

/* Begin PBXVariantGroup section */
		FCB7DBB51D19BB6900DE6293 /* Main.storyboard */ = {
			isa = PBXVariantGroup;
			children = (
				FCB7DBB61D19BB6900DE6293 /* Base */,
			);
			name = Main.storyboard;
			sourceTree = "<group>";
		};
		FCB7DBBA1D19BB6900DE6293 /* LaunchScreen.storyboard */ = {
			isa = PBXVariantGroup;
			children = (
				FCB7DBBB1D19BB6900DE6293 /* Base */,
			);
			name = LaunchScreen.storyboard;
			sourceTree = "<group>";
		};
/* End PBXVariantGroup section */

/* Begin XCBuildConfiguration section */
		FCB7DBBE1D19BB6900DE6293 /* Debug */ = {
			isa = XCBuildConfiguration;
			buildSettings = {
				ALWAYS_SEARCH_USER_PATHS = NO;
				CLANG_ANALYZER_NONNULL = YES;
				CLANG_CXX_LANGUAGE_STANDARD = "gnu++0x";
				CLANG_CXX_LIBRARY = "libc++";
				CLANG_ENABLE_MODULES = YES;
				CLANG_ENABLE_OBJC_ARC = YES;
				CLANG_WARN_BOOL_CONVERSION = YES;
				CLANG_WARN_CONSTANT_CONVERSION = YES;
				CLANG_WARN_DIRECT_OBJC_ISA_USAGE = YES_ERROR;
				CLANG_WARN_EMPTY_BODY = YES;
				CLANG_WARN_ENUM_CONVERSION = YES;
				CLANG_WARN_INT_CONVERSION = YES;
				CLANG_WARN_OBJC_ROOT_CLASS = YES_ERROR;
				CLANG_WARN_UNREACHABLE_CODE = YES;
				CLANG_WARN__DUPLICATE_METHOD_MATCH = YES;
				"CODE_SIGN_IDENTITY[sdk=iphoneos*]" = "iPhone Developer";
				COPY_PHASE_STRIP = NO;
				DEBUG_INFORMATION_FORMAT = dwarf;
				ENABLE_STRICT_OBJC_MSGSEND = YES;
				ENABLE_TESTABILITY = YES;
				GCC_C_LANGUAGE_STANDARD = gnu99;
				GCC_DYNAMIC_NO_PIC = NO;
				GCC_NO_COMMON_BLOCKS = YES;
				GCC_OPTIMIZATION_LEVEL = 0;
				GCC_PREPROCESSOR_DEFINITIONS = (
					"DEBUG=1",
					"$(inherited)",
				);
				GCC_WARN_64_TO_32_BIT_CONVERSION = YES;
				GCC_WARN_ABOUT_RETURN_TYPE = YES_ERROR;
				GCC_WARN_UNDECLARED_SELECTOR = YES;
				GCC_WARN_UNINITIALIZED_AUTOS = YES_AGGRESSIVE;
				GCC_WARN_UNUSED_FUNCTION = YES;
				GCC_WARN_UNUSED_VARIABLE = YES;
				IPHONEOS_DEPLOYMENT_TARGET = 9.3;
				MTL_ENABLE_DEBUG_INFO = YES;
				ONLY_ACTIVE_ARCH = YES;
				SDKROOT = iphoneos;
				SWIFT_OPTIMIZATION_LEVEL = "-Onone";
				TARGETED_DEVICE_FAMILY = "1,2";
			};
			name = Debug;
		};
		FCB7DBBF1D19BB6900DE6293 /* Release */ = {
			isa = XCBuildConfiguration;
			buildSettings = {
				ALWAYS_SEARCH_USER_PATHS = NO;
				CLANG_ANALYZER_NONNULL = YES;
				CLANG_CXX_LANGUAGE_STANDARD = "gnu++0x";
				CLANG_CXX_LIBRARY = "libc++";
				CLANG_ENABLE_MODULES = YES;
				CLANG_ENABLE_OBJC_ARC = YES;
				CLANG_WARN_BOOL_CONVERSION = YES;
				CLANG_WARN_CONSTANT_CONVERSION = YES;
				CLANG_WARN_DIRECT_OBJC_ISA_USAGE = YES_ERROR;
				CLANG_WARN_EMPTY_BODY = YES;
				CLANG_WARN_ENUM_CONVERSION = YES;
				CLANG_WARN_INT_CONVERSION = YES;
				CLANG_WARN_OBJC_ROOT_CLASS = YES_ERROR;
				CLANG_WARN_UNREACHABLE_CODE = YES;
				CLANG_WARN__DUPLICATE_METHOD_MATCH = YES;
				"CODE_SIGN_IDENTITY[sdk=iphoneos*]" = "iPhone Developer";
				COPY_PHASE_STRIP = NO;
				DEBUG_INFORMATION_FORMAT = "dwarf-with-dsym";
				ENABLE_NS_ASSERTIONS = NO;
				ENABLE_STRICT_OBJC_MSGSEND = YES;
				GCC_C_LANGUAGE_STANDARD = gnu99;
				GCC_NO_COMMON_BLOCKS = YES;
				GCC_WARN_64_TO_32_BIT_CONVERSION = YES;
				GCC_WARN_ABOUT_RETURN_TYPE = YES_ERROR;
				GCC_WARN_UNDECLARED_SELECTOR = YES;
				GCC_WARN_UNINITIALIZED_AUTOS = YES_AGGRESSIVE;
				GCC_WARN_UNUSED_FUNCTION = YES;
				GCC_WARN_UNUSED_VARIABLE = YES;
				IPHONEOS_DEPLOYMENT_TARGET = 9.3;
				MTL_ENABLE_DEBUG_INFO = NO;
				SDKROOT = iphoneos;
				TARGETED_DEVICE_FAMILY = "1,2";
				VALIDATE_PRODUCT = YES;
			};
			name = Release;
		};
		FCB7DBC11D19BB6900DE6293 /* Debug */ = {
			isa = XCBuildConfiguration;
			buildSettings = {
				ASSETCATALOG_COMPILER_APPICON_NAME = AppIcon;
				INFOPLIST_FILE = Assignment1/Info.plist;
				LD_RUNPATH_SEARCH_PATHS = "$(inherited) @executable_path/Frameworks";
				PRODUCT_BUNDLE_IDENTIFIER = com.example.Assignment1;
				PRODUCT_NAME = "$(TARGET_NAME)";
			};
			name = Debug;
		};
		FCB7DBC21D19BB6900DE6293 /* Release */ = {
			isa = XCBuildConfiguration;
			buildSettings = {
				ASSETCATALOG_COMPILER_APPICON_NAME = AppIcon;
				INFOPLIST_FILE = Assignment1/Info.plist;
				LD_RUNPATH_SEARCH_PATHS = "$(inherited) @executable_path/Frameworks";
				PRODUCT_BUNDLE_IDENTIFIER = com.example.Assignment1;
				PRODUCT_NAME = "$(TARGET_NAME)";
			};
			name = Release;
		};
/* End XCBuildConfiguration section */

/* Begin XCConfigurationList section */
		FCB7DBA71D19BB6900DE6293 /* Build configuration list for PBXProject "Assignment1" */ = {
			isa = XCConfigurationList;
			buildConfigurations = (
				FCB7DBBE1D19BB6900DE6293 /* Debug */,
				FCB7DBBF1D19BB6900DE6293 /* Release */,
			);
			defaultConfigurationIsVisible = 0;
			defaultConfigurationName = Release;
		};
		FCB7DBC01D19BB6900DE6293 /* Build configuration list for PBXNativeTarget "Assignment1" */ = {
			isa = XCConfigurationList;
			buildConfigurations = (
				FCB7DBC11D19BB6900DE6293 /* Debug */,
				FCB7DBC21D19BB6900DE6293 /* Release */,
			);
			defaultConfigurationIsVisible = 0;
		};
/* End XCConfigurationList section */
	};
	rootObject = FCB7DBA41D19BB6900DE6293 /* Project object */;
}
